// !$*UTF8*$!
{
	archiveVersion = 1;
	classes = {
	};
	objectVersion = 50;
	objects = {

/* Begin PBXBuildFile section */
		6FDACA06287D51A200BF2863 /* ToDoApp.swift in Sources */ = {isa = PBXBuildFile; fileRef = 6FDACA05287D51A200BF2863 /* ToDoApp.swift */; };
		6FDACA08287D51A200BF2863 /* ContentView.swift in Sources */ = {isa = PBXBuildFile; fileRef = 6FDACA07287D51A200BF2863 /* ContentView.swift */; };
		6FDACA0A287D51A300BF2863 /* Assets.xcassets in Resources */ = {isa = PBXBuildFile; fileRef = 6FDACA09287D51A300BF2863 /* Assets.xcassets */; };
		6FDACA0D287D51A300BF2863 /* Preview Assets.xcassets in Resources */ = {isa = PBXBuildFile; fileRef = 6FDACA0C287D51A300BF2863 /* Preview Assets.xcassets */; };
		6FDACA18287D51A300BF2863 /* ToDoTests.swift in Sources */ = {isa = PBXBuildFile; fileRef = 6FDACA17287D51A300BF2863 /* ToDoTests.swift */; };
		6FDACA23287D51A300BF2863 /* ToDoUITests.swift in Sources */ = {isa = PBXBuildFile; fileRef = 6FDACA22287D51A300BF2863 /* ToDoUITests.swift */; };
		B4B23024E466C61978BE02A7 /* CardRow.swift in Sources */ = {isa = PBXBuildFile; fileRef = B4B23A4988035B3E4C72CD8E /* CardRow.swift */; };
		B4B230F021A08221E9509270 /* EditTaskView.swift in Sources */ = {isa = PBXBuildFile; fileRef = B4B23E2F65714E4B96E6A795 /* EditTaskView.swift */; };
		B4B233ADA514CCC7C5C64913 /* ContentView3.swift in Sources */ = {isa = PBXBuildFile; fileRef = B4B23349E332348319FF0A36 /* ContentView3.swift */; };
		B4B234FFBCC530B19EE2AFC3 /* Card.swift in Sources */ = {isa = PBXBuildFile; fileRef = B4B23F87D099AC8C15F6F8FF /* Card.swift */; };
		B4B23B4901456FB9D0FD8E3E /* Home.swift in Sources */ = {isa = PBXBuildFile; fileRef = B4B231DC5599F3710A0B49A3 /* Home.swift */; };
		B4B23C050A418C1C28D88A1E /* ItemModel.swift in Sources */ = {isa = PBXBuildFile; fileRef = B4B235D58048F62B3F955454 /* ItemModel.swift */; };
		B4B23D8E10C7BC12B24DA279 /* ContentView2.swift in Sources */ = {isa = PBXBuildFile; fileRef = B4B235ABEC950ECEC5643E63 /* ContentView2.swift */; };
		B4B23DBD56DB4470ADA69F00 /* CustomNavView.swift in Sources */ = {isa = PBXBuildFile; fileRef = B4B23BCE8EC6FC15A609096D /* CustomNavView.swift */; };
		B4B23F24B5BE3403610B7BE1 /* TaskViewModel.swift in Sources */ = {isa = PBXBuildFile; fileRef = B4B238640BE78E7CA42AE4B7 /* TaskViewModel.swift */; };
/* End PBXBuildFile section */

/* Begin PBXContainerItemProxy section */
		6FDACA14287D51A300BF2863 /* PBXContainerItemProxy */ = {
			isa = PBXContainerItemProxy;
			containerPortal = 6FDAC9FA287D51A200BF2863 /* Project object */;
			proxyType = 1;
			remoteGlobalIDString = 6FDACA01287D51A200BF2863;
			remoteInfo = ToDo;
		};
		6FDACA1F287D51A300BF2863 /* PBXContainerItemProxy */ = {
			isa = PBXContainerItemProxy;
			containerPortal = 6FDAC9FA287D51A200BF2863 /* Project object */;
			proxyType = 1;
			remoteGlobalIDString = 6FDACA01287D51A200BF2863;
			remoteInfo = ToDo;
		};
/* End PBXContainerItemProxy section */

/* Begin PBXFileReference section */
		6FDACA02287D51A200BF2863 /* ToDo.app */ = {isa = PBXFileReference; explicitFileType = wrapper.application; includeInIndex = 0; path = ToDo.app; sourceTree = BUILT_PRODUCTS_DIR; };
		6FDACA05287D51A200BF2863 /* ToDoApp.swift */ = {isa = PBXFileReference; lastKnownFileType = sourcecode.swift; path = ToDoApp.swift; sourceTree = "<group>"; };
		6FDACA07287D51A200BF2863 /* ContentView.swift */ = {isa = PBXFileReference; lastKnownFileType = sourcecode.swift; path = ContentView.swift; sourceTree = "<group>"; };
		6FDACA09287D51A300BF2863 /* Assets.xcassets */ = {isa = PBXFileReference; lastKnownFileType = folder.assetcatalog; path = Assets.xcassets; sourceTree = "<group>"; };
		6FDACA0C287D51A300BF2863 /* Preview Assets.xcassets */ = {isa = PBXFileReference; lastKnownFileType = folder.assetcatalog; path = "Preview Assets.xcassets"; sourceTree = "<group>"; };
		6FDACA0E287D51A300BF2863 /* Info.plist */ = {isa = PBXFileReference; lastKnownFileType = text.plist.xml; path = Info.plist; sourceTree = "<group>"; };
		6FDACA13287D51A300BF2863 /* ToDoTests.xctest */ = {isa = PBXFileReference; explicitFileType = wrapper.cfbundle; includeInIndex = 0; path = ToDoTests.xctest; sourceTree = BUILT_PRODUCTS_DIR; };
		6FDACA17287D51A300BF2863 /* ToDoTests.swift */ = {isa = PBXFileReference; lastKnownFileType = sourcecode.swift; path = ToDoTests.swift; sourceTree = "<group>"; };
		6FDACA19287D51A300BF2863 /* Info.plist */ = {isa = PBXFileReference; lastKnownFileType = text.plist.xml; path = Info.plist; sourceTree = "<group>"; };
		6FDACA1E287D51A300BF2863 /* ToDoUITests.xctest */ = {isa = PBXFileReference; explicitFileType = wrapper.cfbundle; includeInIndex = 0; path = ToDoUITests.xctest; sourceTree = BUILT_PRODUCTS_DIR; };
		6FDACA22287D51A300BF2863 /* ToDoUITests.swift */ = {isa = PBXFileReference; lastKnownFileType = sourcecode.swift; path = ToDoUITests.swift; sourceTree = "<group>"; };
		6FDACA24287D51A300BF2863 /* Info.plist */ = {isa = PBXFileReference; lastKnownFileType = text.plist.xml; path = Info.plist; sourceTree = "<group>"; };
		B4B231DC5599F3710A0B49A3 /* Home.swift */ = {isa = PBXFileReference; fileEncoding = 4; lastKnownFileType = sourcecode.swift; path = Home.swift; sourceTree = "<group>"; };
		B4B23349E332348319FF0A36 /* ContentView3.swift */ = {isa = PBXFileReference; fileEncoding = 4; lastKnownFileType = sourcecode.swift; path = ContentView3.swift; sourceTree = "<group>"; };
		B4B235ABEC950ECEC5643E63 /* ContentView2.swift */ = {isa = PBXFileReference; fileEncoding = 4; lastKnownFileType = sourcecode.swift; path = ContentView2.swift; sourceTree = "<group>"; };
		B4B235D58048F62B3F955454 /* ItemModel.swift */ = {isa = PBXFileReference; fileEncoding = 4; lastKnownFileType = sourcecode.swift; path = ItemModel.swift; sourceTree = "<group>"; };
		B4B238640BE78E7CA42AE4B7 /* TaskViewModel.swift */ = {isa = PBXFileReference; fileEncoding = 4; lastKnownFileType = sourcecode.swift; path = TaskViewModel.swift; sourceTree = "<group>"; };
		B4B23A4988035B3E4C72CD8E /* CardRow.swift */ = {isa = PBXFileReference; fileEncoding = 4; lastKnownFileType = sourcecode.swift; path = CardRow.swift; sourceTree = "<group>"; };
		B4B23BCE8EC6FC15A609096D /* CustomNavView.swift */ = {isa = PBXFileReference; fileEncoding = 4; lastKnownFileType = sourcecode.swift; path = CustomNavView.swift; sourceTree = "<group>"; };
		B4B23E2F65714E4B96E6A795 /* EditTaskView.swift */ = {isa = PBXFileReference; fileEncoding = 4; lastKnownFileType = sourcecode.swift; path = EditTaskView.swift; sourceTree = "<group>"; };
		B4B23F87D099AC8C15F6F8FF /* Card.swift */ = {isa = PBXFileReference; fileEncoding = 4; lastKnownFileType = sourcecode.swift; path = Card.swift; sourceTree = "<group>"; };
/* End PBXFileReference section */

/* Begin PBXFrameworksBuildPhase section */
		6FDAC9FF287D51A200BF2863 /* Frameworks */ = {
			isa = PBXFrameworksBuildPhase;
			buildActionMask = 2147483647;
			files = (
			);
			runOnlyForDeploymentPostprocessing = 0;
		};
		6FDACA10287D51A300BF2863 /* Frameworks */ = {
			isa = PBXFrameworksBuildPhase;
			buildActionMask = 2147483647;
			files = (
			);
			runOnlyForDeploymentPostprocessing = 0;
		};
		6FDACA1B287D51A300BF2863 /* Frameworks */ = {
			isa = PBXFrameworksBuildPhase;
			buildActionMask = 2147483647;
			files = (
			);
			runOnlyForDeploymentPostprocessing = 0;
		};
/* End PBXFrameworksBuildPhase section */

/* Begin PBXGroup section */
		6FDAC9F9287D51A200BF2863 = {
			isa = PBXGroup;
			children = (
				6FDACA04287D51A200BF2863 /* ToDo */,
				6FDACA16287D51A300BF2863 /* ToDoTests */,
				6FDACA21287D51A300BF2863 /* ToDoUITests */,
				6FDACA03287D51A200BF2863 /* Products */,
			);
			sourceTree = "<group>";
		};
		6FDACA03287D51A200BF2863 /* Products */ = {
			isa = PBXGroup;
			children = (
				6FDACA02287D51A200BF2863 /* ToDo.app */,
				6FDACA13287D51A300BF2863 /* ToDoTests.xctest */,
				6FDACA1E287D51A300BF2863 /* ToDoUITests.xctest */,
			);
			name = Products;
			sourceTree = "<group>";
		};
		6FDACA04287D51A200BF2863 /* ToDo */ = {
			isa = PBXGroup;
			children = (
				6FDACA05287D51A200BF2863 /* ToDoApp.swift */,
				6FDACA07287D51A200BF2863 /* ContentView.swift */,
				6FDACA09287D51A300BF2863 /* Assets.xcassets */,
				6FDACA0E287D51A300BF2863 /* Info.plist */,
				6FDACA0B287D51A300BF2863 /* Preview Content */,
				B4B23E2F65714E4B96E6A795 /* EditTaskView.swift */,
				B4B23CC41C50ED8431184464 /* Models */,
				B4B23A4729AE55E121B7CA5A /* Views */,
				B4B23A0B477B615ACCF41460 /* ViewModelView */,
				B4B235ABEC950ECEC5643E63 /* ContentView2.swift */,
				B4B23349E332348319FF0A36 /* ContentView3.swift */,
				B4B23F87D099AC8C15F6F8FF /* Card.swift */,
				B4B23A4988035B3E4C72CD8E /* CardRow.swift */,
				B4B231DC5599F3710A0B49A3 /* Home.swift */,
			);
			path = ToDo;
			sourceTree = "<group>";
		};
		6FDACA0B287D51A300BF2863 /* Preview Content */ = {
			isa = PBXGroup;
			children = (
				6FDACA0C287D51A300BF2863 /* Preview Assets.xcassets */,
			);
			path = "Preview Content";
			sourceTree = "<group>";
		};
		6FDACA16287D51A300BF2863 /* ToDoTests */ = {
			isa = PBXGroup;
			children = (
				6FDACA17287D51A300BF2863 /* ToDoTests.swift */,
				6FDACA19287D51A300BF2863 /* Info.plist */,
			);
			path = ToDoTests;
			sourceTree = "<group>";
		};
		6FDACA21287D51A300BF2863 /* ToDoUITests */ = {
			isa = PBXGroup;
			children = (
				6FDACA22287D51A300BF2863 /* ToDoUITests.swift */,
				6FDACA24287D51A300BF2863 /* Info.plist */,
			);
			path = ToDoUITests;
			sourceTree = "<group>";
		};
		B4B23A0B477B615ACCF41460 /* ViewModelView */ = {
			isa = PBXGroup;
			children = (
				B4B238640BE78E7CA42AE4B7 /* TaskViewModel.swift */,
			);
			path = ViewModelView;
			sourceTree = "<group>";
		};
		B4B23A4729AE55E121B7CA5A /* Views */ = {
			isa = PBXGroup;
			children = (
				B4B23BCE8EC6FC15A609096D /* CustomNavView.swift */,
			);
			path = Views;
			sourceTree = "<group>";
		};
		B4B23CC41C50ED8431184464 /* Models */ = {
			isa = PBXGroup;
			children = (
				B4B235D58048F62B3F955454 /* ItemModel.swift */,
			);
			path = Models;
			sourceTree = "<group>";
		};
/* End PBXGroup section */

/* Begin PBXNativeTarget section */
		6FDACA01287D51A200BF2863 /* ToDo */ = {
			isa = PBXNativeTarget;
			buildConfigurationList = 6FDACA27287D51A300BF2863 /* Build configuration list for PBXNativeTarget "ToDo" */;
			buildPhases = (
				6FDAC9FE287D51A200BF2863 /* Sources */,
				6FDAC9FF287D51A200BF2863 /* Frameworks */,
				6FDACA00287D51A200BF2863 /* Resources */,
			);
			buildRules = (
			);
			dependencies = (
			);
			name = ToDo;
			packageProductDependencies = (
			);
			productName = ToDo;
			productReference = 6FDACA02287D51A200BF2863 /* ToDo.app */;
			productType = "com.apple.product-type.application";
		};
		6FDACA12287D51A300BF2863 /* ToDoTests */ = {
			isa = PBXNativeTarget;
			buildConfigurationList = 6FDACA2A287D51A300BF2863 /* Build configuration list for PBXNativeTarget "ToDoTests" */;
			buildPhases = (
				6FDACA0F287D51A300BF2863 /* Sources */,
				6FDACA10287D51A300BF2863 /* Frameworks */,
				6FDACA11287D51A300BF2863 /* Resources */,
			);
			buildRules = (
			);
			dependencies = (
				6FDACA15287D51A300BF2863 /* PBXTargetDependency */,
			);
			name = ToDoTests;
			productName = ToDoTests;
			productReference = 6FDACA13287D51A300BF2863 /* ToDoTests.xctest */;
			productType = "com.apple.product-type.bundle.unit-test";
		};
		6FDACA1D287D51A300BF2863 /* ToDoUITests */ = {
			isa = PBXNativeTarget;
			buildConfigurationList = 6FDACA2D287D51A300BF2863 /* Build configuration list for PBXNativeTarget "ToDoUITests" */;
			buildPhases = (
				6FDACA1A287D51A300BF2863 /* Sources */,
				6FDACA1B287D51A300BF2863 /* Frameworks */,
				6FDACA1C287D51A300BF2863 /* Resources */,
			);
			buildRules = (
			);
			dependencies = (
				6FDACA20287D51A300BF2863 /* PBXTargetDependency */,
			);
			name = ToDoUITests;
			productName = ToDoUITests;
			productReference = 6FDACA1E287D51A300BF2863 /* ToDoUITests.xctest */;
			productType = "com.apple.product-type.bundle.ui-testing";
		};
/* End PBXNativeTarget section */

/* Begin PBXProject section */
		6FDAC9FA287D51A200BF2863 /* Project object */ = {
			isa = PBXProject;
			attributes = {
				LastSwiftUpdateCheck = 1240;
				LastUpgradeCheck = 1240;
				TargetAttributes = {
					6FDACA01287D51A200BF2863 = {
						CreatedOnToolsVersion = 12.4;
					};
					6FDACA12287D51A300BF2863 = {
						CreatedOnToolsVersion = 12.4;
						TestTargetID = 6FDACA01287D51A200BF2863;
					};
					6FDACA1D287D51A300BF2863 = {
						CreatedOnToolsVersion = 12.4;
						TestTargetID = 6FDACA01287D51A200BF2863;
					};
				};
			};
			buildConfigurationList = 6FDAC9FD287D51A200BF2863 /* Build configuration list for PBXProject "ToDo" */;
			compatibilityVersion = "Xcode 9.3";
			developmentRegion = en;
			hasScannedForEncodings = 0;
			knownRegions = (
				en,
				Base,
			);
			mainGroup = 6FDAC9F9287D51A200BF2863;
			packageReferences = (
			);
			productRefGroup = 6FDACA03287D51A200BF2863 /* Products */;
			projectDirPath = "";
			projectRoot = "";
			targets = (
				6FDACA01287D51A200BF2863 /* ToDo */,
				6FDACA12287D51A300BF2863 /* ToDoTests */,
				6FDACA1D287D51A300BF2863 /* ToDoUITests */,
			);
		};
/* End PBXProject section */

/* Begin PBXResourcesBuildPhase section */
		6FDACA00287D51A200BF2863 /* Resources */ = {
			isa = PBXResourcesBuildPhase;
			buildActionMask = 2147483647;
			files = (
				6FDACA0D287D51A300BF2863 /* Preview Assets.xcassets in Resources */,
				6FDACA0A287D51A300BF2863 /* Assets.xcassets in Resources */,
			);
			runOnlyForDeploymentPostprocessing = 0;
		};
		6FDACA11287D51A300BF2863 /* Resources */ = {
			isa = PBXResourcesBuildPhase;
			buildActionMask = 2147483647;
			files = (
			);
			runOnlyForDeploymentPostprocessing = 0;
		};
		6FDACA1C287D51A300BF2863 /* Resources */ = {
			isa = PBXResourcesBuildPhase;
			buildActionMask = 2147483647;
			files = (
			);
			runOnlyForDeploymentPostprocessing = 0;
		};
/* End PBXResourcesBuildPhase section */

/* Begin PBXSourcesBuildPhase section */
		6FDAC9FE287D51A200BF2863 /* Sources */ = {
			isa = PBXSourcesBuildPhase;
			buildActionMask = 2147483647;
			files = (
				6FDACA08287D51A200BF2863 /* ContentView.swift in Sources */,
				6FDACA06287D51A200BF2863 /* ToDoApp.swift in Sources */,
				B4B230F021A08221E9509270 /* EditTaskView.swift in Sources */,
				B4B23C050A418C1C28D88A1E /* ItemModel.swift in Sources */,
				B4B23F24B5BE3403610B7BE1 /* TaskViewModel.swift in Sources */,
				B4B23D8E10C7BC12B24DA279 /* ContentView2.swift in Sources */,
				B4B233ADA514CCC7C5C64913 /* ContentView3.swift in Sources */,
				B4B234FFBCC530B19EE2AFC3 /* Card.swift in Sources */,
				B4B23024E466C61978BE02A7 /* CardRow.swift in Sources */,
				B4B23DBD56DB4470ADA69F00 /* CustomNavView.swift in Sources */,
				B4B23B4901456FB9D0FD8E3E /* Home.swift in Sources */,
			);
			runOnlyForDeploymentPostprocessing = 0;
		};
		6FDACA0F287D51A300BF2863 /* Sources */ = {
			isa = PBXSourcesBuildPhase;
			buildActionMask = 2147483647;
			files = (
				6FDACA18287D51A300BF2863 /* ToDoTests.swift in Sources */,
			);
			runOnlyForDeploymentPostprocessing = 0;
		};
		6FDACA1A287D51A300BF2863 /* Sources */ = {
			isa = PBXSourcesBuildPhase;
			buildActionMask = 2147483647;
			files = (
				6FDACA23287D51A300BF2863 /* ToDoUITests.swift in Sources */,
			);
			runOnlyForDeploymentPostprocessing = 0;
		};
/* End PBXSourcesBuildPhase section */

/* Begin PBXTargetDependency section */
		6FDACA15287D51A300BF2863 /* PBXTargetDependency */ = {
			isa = PBXTargetDependency;
			target = 6FDACA01287D51A200BF2863 /* ToDo */;
			targetProxy = 6FDACA14287D51A300BF2863 /* PBXContainerItemProxy */;
		};
		6FDACA20287D51A300BF2863 /* PBXTargetDependency */ = {
			isa = PBXTargetDependency;
			target = 6FDACA01287D51A200BF2863 /* ToDo */;
			targetProxy = 6FDACA1F287D51A300BF2863 /* PBXContainerItemProxy */;
		};
/* End PBXTargetDependency section */

/* Begin XCBuildConfiguration section */
		6FDACA25287D51A300BF2863 /* Debug */ = {
			isa = XCBuildConfiguration;
			buildSettings = {
				ALWAYS_SEARCH_USER_PATHS = NO;
				CLANG_ANALYZER_NONNULL = YES;
				CLANG_ANALYZER_NUMBER_OBJECT_CONVERSION = YES_AGGRESSIVE;
				CLANG_CXX_LANGUAGE_STANDARD = "gnu++14";
				CLANG_CXX_LIBRARY = "libc++";
				CLANG_ENABLE_MODULES = YES;
				CLANG_ENABLE_OBJC_ARC = YES;
				CLANG_ENABLE_OBJC_WEAK = YES;
				CLANG_WARN_BLOCK_CAPTURE_AUTORELEASING = YES;
				CLANG_WARN_BOOL_CONVERSION = YES;
				CLANG_WARN_COMMA = YES;
				CLANG_WARN_CONSTANT_CONVERSION = YES;
				CLANG_WARN_DEPRECATED_OBJC_IMPLEMENTATIONS = YES;
				CLANG_WARN_DIRECT_OBJC_ISA_USAGE = YES_ERROR;
				CLANG_WARN_DOCUMENTATION_COMMENTS = YES;
				CLANG_WARN_EMPTY_BODY = YES;
				CLANG_WARN_ENUM_CONVERSION = YES;
				CLANG_WARN_INFINITE_RECURSION = YES;
				CLANG_WARN_INT_CONVERSION = YES;
				CLANG_WARN_NON_LITERAL_NULL_CONVERSION = YES;
				CLANG_WARN_OBJC_IMPLICIT_RETAIN_SELF = YES;
				CLANG_WARN_OBJC_LITERAL_CONVERSION = YES;
				CLANG_WARN_OBJC_ROOT_CLASS = YES_ERROR;
				CLANG_WARN_QUOTED_INCLUDE_IN_FRAMEWORK_HEADER = YES;
				CLANG_WARN_RANGE_LOOP_ANALYSIS = YES;
				CLANG_WARN_STRICT_PROTOTYPES = YES;
				CLANG_WARN_SUSPICIOUS_MOVE = YES;
				CLANG_WARN_UNGUARDED_AVAILABILITY = YES_AGGRESSIVE;
				CLANG_WARN_UNREACHABLE_CODE = YES;
				CLANG_WARN__DUPLICATE_METHOD_MATCH = YES;
				COPY_PHASE_STRIP = NO;
				DEBUG_INFORMATION_FORMAT = dwarf;
				ENABLE_STRICT_OBJC_MSGSEND = YES;
				ENABLE_TESTABILITY = YES;
				GCC_C_LANGUAGE_STANDARD = gnu11;
				GCC_DYNAMIC_NO_PIC = NO;
				GCC_NO_COMMON_BLOCKS = YES;
				GCC_OPTIMIZATION_LEVEL = 0;
				GCC_PREPROCESSOR_DEFINITIONS = (
					"DEBUG=1",
					"$(inherited)",
				);
				GCC_WARN_64_TO_32_BIT_CONVERSION = YES;
				GCC_WARN_ABOUT_RETURN_TYPE = YES_ERROR;
				GCC_WARN_UNDECLARED_SELECTOR = YES;
				GCC_WARN_UNINITIALIZED_AUTOS = YES_AGGRESSIVE;
				GCC_WARN_UNUSED_FUNCTION = YES;
				GCC_WARN_UNUSED_VARIABLE = YES;
				IPHONEOS_DEPLOYMENT_TARGET = 14.1;
				MTL_ENABLE_DEBUG_INFO = INCLUDE_SOURCE;
				MTL_FAST_MATH = YES;
				ONLY_ACTIVE_ARCH = YES;
				SDKROOT = iphoneos;
				SWIFT_ACTIVE_COMPILATION_CONDITIONS = DEBUG;
				SWIFT_OPTIMIZATION_LEVEL = "-Onone";
			};
			name = Debug;
		};
		6FDACA26287D51A300BF2863 /* Release */ = {
			isa = XCBuildConfiguration;
			buildSettings = {
				ALWAYS_SEARCH_USER_PATHS = NO;
				CLANG_ANALYZER_NONNULL = YES;
				CLANG_ANALYZER_NUMBER_OBJECT_CONVERSION = YES_AGGRESSIVE;
				CLANG_CXX_LANGUAGE_STANDARD = "gnu++14";
				CLANG_CXX_LIBRARY = "libc++";
				CLANG_ENABLE_MODULES = YES;
				CLANG_ENABLE_OBJC_ARC = YES;
				CLANG_ENABLE_OBJC_WEAK = YES;
				CLANG_WARN_BLOCK_CAPTURE_AUTORELEASING = YES;
				CLANG_WARN_BOOL_CONVERSION = YES;
				CLANG_WARN_COMMA = YES;
				CLANG_WARN_CONSTANT_CONVERSION = YES;
				CLANG_WARN_DEPRECATED_OBJC_IMPLEMENTATIONS = YES;
				CLANG_WARN_DIRECT_OBJC_ISA_USAGE = YES_ERROR;
				CLANG_WARN_DOCUMENTATION_COMMENTS = YES;
				CLANG_WARN_EMPTY_BODY = YES;
				CLANG_WARN_ENUM_CONVERSION = YES;
				CLANG_WARN_INFINITE_RECURSION = YES;
				CLANG_WARN_INT_CONVERSION = YES;
				CLANG_WARN_NON_LITERAL_NULL_CONVERSION = YES;
				CLANG_WARN_OBJC_IMPLICIT_RETAIN_SELF = YES;
				CLANG_WARN_OBJC_LITERAL_CONVERSION = YES;
				CLANG_WARN_OBJC_ROOT_CLASS = YES_ERROR;
				CLANG_WARN_QUOTED_INCLUDE_IN_FRAMEWORK_HEADER = YES;
				CLANG_WARN_RANGE_LOOP_ANALYSIS = YES;
				CLANG_WARN_STRICT_PROTOTYPES = YES;
				CLANG_WARN_SUSPICIOUS_MOVE = YES;
				CLANG_WARN_UNGUARDED_AVAILABILITY = YES_AGGRESSIVE;
				CLANG_WARN_UNREACHABLE_CODE = YES;
				CLANG_WARN__DUPLICATE_METHOD_MATCH = YES;
				COPY_PHASE_STRIP = NO;
				DEBUG_INFORMATION_FORMAT = "dwarf-with-dsym";
				ENABLE_NS_ASSERTIONS = NO;
				ENABLE_STRICT_OBJC_MSGSEND = YES;
				GCC_C_LANGUAGE_STANDARD = gnu11;
				GCC_NO_COMMON_BLOCKS = YES;
				GCC_WARN_64_TO_32_BIT_CONVERSION = YES;
				GCC_WARN_ABOUT_RETURN_TYPE = YES_ERROR;
				GCC_WARN_UNDECLARED_SELECTOR = YES;
				GCC_WARN_UNINITIALIZED_AUTOS = YES_AGGRESSIVE;
				GCC_WARN_UNUSED_FUNCTION = YES;
				GCC_WARN_UNUSED_VARIABLE = YES;
				IPHONEOS_DEPLOYMENT_TARGET = 14.1;
				MTL_ENABLE_DEBUG_INFO = NO;
				MTL_FAST_MATH = YES;
				SDKROOT = iphoneos;
				SWIFT_COMPILATION_MODE = wholemodule;
				SWIFT_OPTIMIZATION_LEVEL = "-O";
				VALIDATE_PRODUCT = YES;
			};
			name = Release;
		};
		6FDACA28287D51A300BF2863 /* Debug */ = {
			isa = XCBuildConfiguration;
			buildSettings = {
				ASSETCATALOG_COMPILER_APPICON_NAME = AppIcon;
				ASSETCATALOG_COMPILER_GLOBAL_ACCENT_COLOR_NAME = AccentColor;
				CODE_SIGN_STYLE = Automatic;
				DEVELOPMENT_ASSET_PATHS = "\"ToDo/Preview Content\"";
				DEVELOPMENT_TEAM = 8CB87R7VGY;
				ENABLE_PREVIEWS = YES;
				INFOPLIST_FILE = ToDo/Info.plist;
				IPHONEOS_DEPLOYMENT_TARGET = 14.0;
				LD_RUNPATH_SEARCH_PATHS = (
					"$(inherited)",
					"@executable_path/Frameworks",
				);
				PRODUCT_BUNDLE_IDENTIFIER = com.fuming.ToDo;
				PRODUCT_NAME = "$(TARGET_NAME)";
				SWIFT_VERSION = 5.0;
				TARGETED_DEVICE_FAMILY = "1,2";
			};
			name = Debug;
		};
		6FDACA29287D51A300BF2863 /* Release */ = {
			isa = XCBuildConfiguration;
			buildSettings = {
				ASSETCATALOG_COMPILER_APPICON_NAME = AppIcon;
				ASSETCATALOG_COMPILER_GLOBAL_ACCENT_COLOR_NAME = AccentColor;
				CODE_SIGN_STYLE = Automatic;
				DEVELOPMENT_ASSET_PATHS = "\"ToDo/Preview Content\"";
				DEVELOPMENT_TEAM = 8CB87R7VGY;
				ENABLE_PREVIEWS = YES;
				INFOPLIST_FILE = ToDo/Info.plist;
				IPHONEOS_DEPLOYMENT_TARGET = 14.0;
				LD_RUNPATH_SEARCH_PATHS = (
					"$(inherited)",
					"@executable_path/Frameworks",
				);
				PRODUCT_BUNDLE_IDENTIFIER = com.fuming.ToDo;
				PRODUCT_NAME = "$(TARGET_NAME)";
				SWIFT_VERSION = 5.0;
				TARGETED_DEVICE_FAMILY = "1,2";
			};
			name = Release;
		};
		6FDACA2B287D51A300BF2863 /* Debug */ = {
			isa = XCBuildConfiguration;
			buildSettings = {
				ALWAYS_EMBED_SWIFT_STANDARD_LIBRARIES = YES;
				BUNDLE_LOADER = "$(TEST_HOST)";
				CODE_SIGN_STYLE = Automatic;
				DEVELOPMENT_TEAM = 8CB87R7VGY;
				INFOPLIST_FILE = ToDoTests/Info.plist;
				IPHONEOS_DEPLOYMENT_TARGET = 14.0;
				LD_RUNPATH_SEARCH_PATHS = (
					"$(inherited)",
					"@executable_path/Frameworks",
					"@loader_path/Frameworks",
				);
				PRODUCT_BUNDLE_IDENTIFIER = com.fuming.ToDoTests;
				PRODUCT_NAME = "$(TARGET_NAME)";
				SWIFT_VERSION = 5.0;
				TARGETED_DEVICE_FAMILY = "1,2";
				TEST_HOST = "$(BUILT_PRODUCTS_DIR)/ToDo.app/ToDo";
			};
			name = Debug;
		};
		6FDACA2C287D51A300BF2863 /* Release */ = {
			isa = XCBuildConfiguration;
			buildSettings = {
				ALWAYS_EMBED_SWIFT_STANDARD_LIBRARIES = YES;
				BUNDLE_LOADER = "$(TEST_HOST)";
				CODE_SIGN_STYLE = Automatic;
				DEVELOPMENT_TEAM = 8CB87R7VGY;
				INFOPLIST_FILE = ToDoTests/Info.plist;
				IPHONEOS_DEPLOYMENT_TARGET = 14.0;
				LD_RUNPATH_SEARCH_PATHS = (
					"$(inherited)",
					"@executable_path/Frameworks",
					"@loader_path/Frameworks",
				);
				PRODUCT_BUNDLE_IDENTIFIER = com.fuming.ToDoTests;
				PRODUCT_NAME = "$(TARGET_NAME)";
				SWIFT_VERSION = 5.0;
				TARGETED_DEVICE_FAMILY = "1,2";
				TEST_HOST = "$(BUILT_PRODUCTS_DIR)/ToDo.app/ToDo";
			};
			name = Release;
		};
		6FDACA2E287D51A300BF2863 /* Debug */ = {
			isa = XCBuildConfiguration;
			buildSettings = {
				ALWAYS_EMBED_SWIFT_STANDARD_LIBRARIES = YES;
				CODE_SIGN_STYLE = Automatic;
				DEVELOPMENT_TEAM = 8CB87R7VGY;
				INFOPLIST_FILE = ToDoUITests/Info.plist;
				LD_RUNPATH_SEARCH_PATHS = (
					"$(inherited)",
					"@executable_path/Frameworks",
					"@loader_path/Frameworks",
				);
				PRODUCT_BUNDLE_IDENTIFIER = com.fuming.ToDoUITests;
				PRODUCT_NAME = "$(TARGET_NAME)";
				SWIFT_VERSION = 5.0;
				TARGETED_DEVICE_FAMILY = "1,2";
				TEST_TARGET_NAME = ToDo;
			};
			name = Debug;
		};
		6FDACA2F287D51A300BF2863 /* Release */ = {
			isa = XCBuildConfiguration;
			buildSettings = {
				ALWAYS_EMBED_SWIFT_STANDARD_LIBRARIES = YES;
				CODE_SIGN_STYLE = Automatic;
				DEVELOPMENT_TEAM = 8CB87R7VGY;
				INFOPLIST_FILE = ToDoUITests/Info.plist;
				LD_RUNPATH_SEARCH_PATHS = (
					"$(inherited)",
					"@executable_path/Frameworks",
					"@loader_path/Frameworks",
				);
				PRODUCT_BUNDLE_IDENTIFIER = com.fuming.ToDoUITests;
				PRODUCT_NAME = "$(TARGET_NAME)";
				SWIFT_VERSION = 5.0;
				TARGETED_DEVICE_FAMILY = "1,2";
				TEST_TARGET_NAME = ToDo;
			};
			name = Release;
		};
/* End XCBuildConfiguration section */

/* Begin XCConfigurationList section */
		6FDAC9FD287D51A200BF2863 /* Build configuration list for PBXProject "ToDo" */ = {
			isa = XCConfigurationList;
			buildConfigurations = (
				6FDACA25287D51A300BF2863 /* Debug */,
				6FDACA26287D51A300BF2863 /* Release */,
			);
			defaultConfigurationIsVisible = 0;
			defaultConfigurationName = Release;
		};
		6FDACA27287D51A300BF2863 /* Build configuration list for PBXNativeTarget "ToDo" */ = {
			isa = XCConfigurationList;
			buildConfigurations = (
				6FDACA28287D51A300BF2863 /* Debug */,
				6FDACA29287D51A300BF2863 /* Release */,
			);
			defaultConfigurationIsVisible = 0;
			defaultConfigurationName = Release;
		};
		6FDACA2A287D51A300BF2863 /* Build configuration list for PBXNativeTarget "ToDoTests" */ = {
			isa = XCConfigurationList;
			buildConfigurations = (
				6FDACA2B287D51A300BF2863 /* Debug */,
				6FDACA2C287D51A300BF2863 /* Release */,
			);
			defaultConfigurationIsVisible = 0;
			defaultConfigurationName = Release;
		};
		6FDACA2D287D51A300BF2863 /* Build configuration list for PBXNativeTarget "ToDoUITests" */ = {
			isa = XCConfigurationList;
			buildConfigurations = (
				6FDACA2E287D51A300BF2863 /* Debug */,
				6FDACA2F287D51A300BF2863 /* Release */,
			);
			defaultConfigurationIsVisible = 0;
			defaultConfigurationName = Release;
		};
/* End XCConfigurationList section */
	};
	rootObject = 6FDAC9FA287D51A200BF2863 /* Project object */;
}
